{
    "_readme": [
        "This file locks the dependencies of your project to a known state",
        "Read more about it at https://getcomposer.org/doc/01-basic-usage.md#composer-lock-the-lock-file",
        "This file is @generated automatically"
    ],
    "content-hash": "e2ad95cca946370543de89260a0b7f81",
    "packages": [
        {
            "name": "phpkit/microservice",
            "version": "dev-master",
            "source": {
                "type": "git",
                "url": "https://github.com/wenzouquan/phpkit-micro-service.git",
                "reference": "7115cdb7874da636681f3add97b87edce9572544"
            },
            "dist": {
                "type": "zip",
                "url": "https://api.github.com/repos/wenzouquan/phpkit-micro-service/zipball/7115cdb7874da636681f3add97b87edce9572544",
                "reference": "7115cdb7874da636681f3add97b87edce9572544",
                "shasum": ""
            },
            "type": "library",
            "autoload": {
                "psr-4": {
                    "phpkit\\microservice\\": "./"
                }
            },
            "notification-url": "https://packagist.org/downloads/",
            "license": [
                "Apache-2.0"
            ],
            "description": "thriftrpc",
            "homepage": "http://www.phpkit.me/",
            "keywords": [
                "thriftRPC"
            ],
            "time": "2018-01-10T07:56:06+00:00"
        },
        {
            "name": "phpkit/thriftrpc",
            "version": "dev-master",
            "source": {
                "type": "git",
                "url": "https://github.com/wenzouquan/phpkit-thriftrpc.git",
                "reference": "1e0d3d7d710a6b2d2e8e76e2719267334e345d69"
            },
            "dist": {
                "type": "zip",
                "url": "https://api.github.com/repos/wenzouquan/phpkit-thriftrpc/zipball/1e0d3d7d710a6b2d2e8e76e2719267334e345d69",
                "reference": "1e0d3d7d710a6b2d2e8e76e2719267334e345d69",
                "shasum": ""
            },
            "type": "library",
            "autoload": {
                "psr-4": {
                    "phpkit\\thriftrpc\\": "./",
                    "Thrift\\": "./Thrift"
                }
            },
            "notification-url": "https://packagist.org/downloads/",
            "license": [
                "Apache-2.0"
            ],
            "description": "thriftrpc",
            "homepage": "http://www.phpkit.me/",
            "keywords": [
                "thriftRPC"
            ],
            "time": "2017-12-12T02:23:57+00:00"
        }
    ],
    "packages-dev": [],
    "aliases": [],
    "minimum-stability": "stable",
    "stability-flags": {
        "phpkit/microservice": 20,
        "phpkit/thriftrpc": 20
    },
    "prefer-stable": false,
    "prefer-lowest": false,
    "platform": [],
    "platform-dev": []
}
